
Microsoft Visual Studio Solution File, Format Version 12.00
# Visual Studio Version 16
VisualStudioVersion = 16.0.30114.105
MinimumVisualStudioVersion = 10.0.40219.1
Project("{2150E333-8FDC-42A3-9474-1A3956D46DE8}") = "src", "src", "{8BE3FF2F-3071-427F-B313-DB958C03249C}"
EndProject
Project("{2150E333-8FDC-42A3-9474-1A3956D46DE8}") = "Bootstrapper", "Bootstrapper", "{962B938F-98CC-4BDC-A0E5-5939B7889AAD}"
EndProject
Project("{FAE04EC0-301F-11D3-BF4B-00C04F79EFBC}") = "Confab.Bootstrapper", "src\Bootstrapper\Confab.Bootstrapper.csproj", "{BAAA91CA-C57B-450B-B6A7-CD80C08B21EE}"
EndProject
Global
	GlobalSection(SolutionConfigurationPlatforms) = preSolution
		Debug|Any CPU = Debug|Any CPU
		Release|Any CPU = Release|Any CPU
	EndGlobalSection
	GlobalSection(SolutionProperties) = preSolution
		HideSolutionNode = FALSE
	EndGlobalSection
	GlobalSection(NestedProjects) = preSolution
		{962B938F-98CC-4BDC-A0E5-5939B7889AAD} = {8BE3FF2F-3071-427F-B313-DB958C03249C}
		{BAAA91CA-C57B-450B-B6A7-CD80C08B21EE} = {962B938F-98CC-4BDC-A0E5-5939B7889AAD}
	EndGlobalSection
	GlobalSection(ProjectConfigurationPlatforms) = postSolution
		{BAAA91CA-C57B-450B-B6A7-CD80C08B21EE}.Debug|Any CPU.ActiveCfg = Debug|Any CPU
		{BAAA91CA-C57B-450B-B6A7-CD80C08B21EE}.Debug|Any CPU.Build.0 = Debug|Any CPU
		{BAAA91CA-C57B-450B-B6A7-CD80C08B21EE}.Release|Any CPU.ActiveCfg = Release|Any CPU
		{BAAA91CA-C57B-450B-B6A7-CD80C08B21EE}.Release|Any CPU.Build.0 = Release|Any CPU
	EndGlobalSection
EndGlobal
